
Microsoft Visual Studio Solution File, Format Version 11.00
# Visual Studio 2010
Project("{FAE04EC0-301F-11D3-BF4B-00C04F79EFBC}") = "Assembly-CSharp", "Assembly-CSharp.csproj", "{BB73119E-7615-D52A-7435-146C3C8B7E16}"
EndProject
Global
	GlobalSection(SolutionConfigurationPlatforms) = preSolution
		Debug|Any CPU = Debug|Any CPU
		Release|Any CPU = Release|Any CPU
	EndGlobalSection
	GlobalSection(ProjectConfigurationPlatforms) = postSolution
		{BB73119E-7615-D52A-7435-146C3C8B7E16}.Debug|Any CPU.ActiveCfg = Debug|Any CPU
		{BB73119E-7615-D52A-7435-146C3C8B7E16}.Debug|Any CPU.Build.0 = Debug|Any CPU
		{BB73119E-7615-D52A-7435-146C3C8B7E16}.Release|Any CPU.ActiveCfg = Release|Any CPU
		{BB73119E-7615-D52A-7435-146C3C8B7E16}.Release|Any CPU.Build.0 = Release|Any CPU
	EndGlobalSection
	GlobalSection(SolutionProperties) = preSolution
		HideSolutionNode = FALSE
	EndGlobalSection
EndGlobal
